{
  "requires": true,
  "lockfileVersion": 1,
  "dependencies": {
    "@types/random-seed": {
      "version": "0.3.3",
      "resolved": "https://registry.npmjs.org/@types/random-seed/-/random-seed-0.3.3.tgz",
      "integrity": "sha512-kHsCbIRHNXJo6EN5W8EA5b4i1hdT6jaZke5crBPLUcLqaLdZ0QBq8QVMbafHzhjFF83Cl9qlee2dChD18d/kPg=="
    },
    "haikunator": {
      "version": "2.1.2",
      "resolved": "https://registry.npmjs.org/haikunator/-/haikunator-2.1.2.tgz",
      "integrity": "sha512-8xTQw2yomVQWG1mLJKD7RrwXN8PkgRYKDShOBhtlu2MqOTboc4O5dVYhPgLigcKMAtwJ0GZty5N44EbLGZN3FA==",
      "requires": {
        "@types/random-seed": "^0.3.3",
        "lodash.defaults": "^4.2.0",
        "random-seed": "^0.3.0"
      }
    },
    "json-stringify-safe": {
      "version": "5.0.1",
      "resolved": "https://registry.npmjs.org/json-stringify-safe/-/json-stringify-safe-5.0.1.tgz",
      "integrity": "sha1-Epai1Y/UXxmg9s4B1lcB4sc1tus="
    },
    "lodash.defaults": {
      "version": "4.2.0",
      "resolved": "https://registry.npmjs.org/lodash.defaults/-/lodash.defaults-4.2.0.tgz",
      "integrity": "sha1-0JF4cW/+pN3p5ft7N/bwgCJ0WAw="
    },
    "random-seed": {
      "version": "0.3.0",
      "resolved": "https://registry.npmjs.org/random-seed/-/random-seed-0.3.0.tgz",
      "integrity": "sha1-2UXy4fOPSejViRNDG4v2u5N1Vs0=",
      "requires": {
        "json-stringify-safe": "^5.0.1"
      }
    }
  }
}
